// !$*UTF8*$!
{
	archiveVersion = 1;
	classes = {
	};
	objectVersion = 46;
	objects = {

/* Begin PBXBuildFile section */
		1625669F1C0610CC004AD24D /* main.cpp in Sources */ = {isa = PBXBuildFile; fileRef = 1625669E1C0610CC004AD24D /* main.cpp */; };
		162566A51C063DE1004AD24D /* DBParserJSON.cpp in Sources */ = {isa = PBXBuildFile; fileRef = 162566A31C063DE1004AD24D /* DBParserJSON.cpp */; };
/* End PBXBuildFile section */

/* Begin PBXCopyFilesBuildPhase section */
		162566911C061063004AD24D /* CopyFiles */ = {
			isa = PBXCopyFilesBuildPhase;
			buildActionMask = 2147483647;
			dstPath = /usr/share/man/man1/;
			dstSubfolderSpec = 0;
			files = (
			);
			runOnlyForDeploymentPostprocessing = 1;
		};
/* End PBXCopyFilesBuildPhase section */

/* Begin PBXFileReference section */
		162566931C061063004AD24D /* db-parser */ = {isa = PBXFileReference; explicitFileType = "compiled.mach-o.executable"; includeInIndex = 0; path = "db-parser"; sourceTree = BUILT_PRODUCTS_DIR; };
		1625669E1C0610CC004AD24D /* main.cpp */ = {isa = PBXFileReference; fileEncoding = 4; lastKnownFileType = sourcecode.cpp.cpp; name = main.cpp; path = src/main.cpp; sourceTree = "<group>"; };
		162566A11C061349004AD24D /* rapidjson102 */ = {isa = PBXFileReference; lastKnownFileType = folder; name = rapidjson102; path = src/json/rapidjson102; sourceTree = "<group>"; };
		162566A21C0616A6004AD24D /* DBParser.h */ = {isa = PBXFileReference; lastKnownFileType = sourcecode.c.h; name = DBParser.h; path = src/DBParser.h; sourceTree = "<group>"; };
		162566A31C063DE1004AD24D /* DBParserJSON.cpp */ = {isa = PBXFileReference; fileEncoding = 4; lastKnownFileType = sourcecode.cpp.cpp; name = DBParserJSON.cpp; path = src/json/DBParserJSON.cpp; sourceTree = "<group>"; };
		162566A41C063DE1004AD24D /* DBParserJSON.h */ = {isa = PBXFileReference; fileEncoding = 4; lastKnownFileType = sourcecode.c.h; name = DBParserJSON.h; path = src/json/DBParserJSON.h; sourceTree = "<group>"; };
/* End PBXFileReference section */

/* Begin PBXFrameworksBuildPhase section */
		162566901C061063004AD24D /* Frameworks */ = {
			isa = PBXFrameworksBuildPhase;
			buildActionMask = 2147483647;
			files = (
			);
			runOnlyForDeploymentPostprocessing = 0;
		};
/* End PBXFrameworksBuildPhase section */

/* Begin PBXGroup section */
		1625668A1C061063004AD24D = {
			isa = PBXGroup;
			children = (
				1625669D1C06109A004AD24D /* src */,
				162566941C061063004AD24D /* Products */,
			);
			sourceTree = "<group>";
		};
		162566941C061063004AD24D /* Products */ = {
			isa = PBXGroup;
			children = (
				162566931C061063004AD24D /* db-parser */,
			);
			name = Products;
			sourceTree = "<group>";
		};
		1625669D1C06109A004AD24D /* src */ = {
			isa = PBXGroup;
			children = (
				162566A01C061334004AD24D /* JSON */,
				1625669E1C0610CC004AD24D /* main.cpp */,
				162566A21C0616A6004AD24D /* DBParser.h */,
			);
			name = src;
			sourceTree = "<group>";
		};
		162566A01C061334004AD24D /* JSON */ = {
			isa = PBXGroup;
			children = (
				162566A11C061349004AD24D /* rapidjson102 */,
				162566A31C063DE1004AD24D /* DBParserJSON.cpp */,
				162566A41C063DE1004AD24D /* DBParserJSON.h */,
			);
			name = JSON;
			sourceTree = "<group>";
		};
/* End PBXGroup section */

/* Begin PBXNativeTarget section */
		162566921C061063004AD24D /* db-parser */ = {
			isa = PBXNativeTarget;
			buildConfigurationList = 1625669A1C061063004AD24D /* Build configuration list for PBXNativeTarget "db-parser" */;
			buildPhases = (
				1625668F1C061063004AD24D /* Sources */,
				162566901C061063004AD24D /* Frameworks */,
				162566911C061063004AD24D /* CopyFiles */,
			);
			buildRules = (
			);
			dependencies = (
			);
			name = "db-parser";
			productName = "db-parser";
			productReference = 162566931C061063004AD24D /* db-parser */;
			productType = "com.apple.product-type.tool";
		};
/* End PBXNativeTarget section */

/* Begin PBXProject section */
		1625668B1C061063004AD24D /* Project object */ = {
			isa = PBXProject;
			attributes = {
				LastUpgradeCheck = 0710;
				ORGANIZATIONNAME = ENS;
				TargetAttributes = {
					162566921C061063004AD24D = {
						CreatedOnToolsVersion = 7.1.1;
					};
				};
			};
			buildConfigurationList = 1625668E1C061063004AD24D /* Build configuration list for PBXProject "db-parser" */;
			compatibilityVersion = "Xcode 3.2";
			developmentRegion = English;
			hasScannedForEncodings = 0;
			knownRegions = (
				en,
			);
			mainGroup = 1625668A1C061063004AD24D;
			productRefGroup = 162566941C061063004AD24D /* Products */;
			projectDirPath = "";
			projectRoot = "";
			targets = (
				162566921C061063004AD24D /* db-parser */,
			);
		};
/* End PBXProject section */

/* Begin PBXSourcesBuildPhase section */
		1625668F1C061063004AD24D /* Sources */ = {
			isa = PBXSourcesBuildPhase;
			buildActionMask = 2147483647;
			files = (
				162566A51C063DE1004AD24D /* DBParserJSON.cpp in Sources */,
				1625669F1C0610CC004AD24D /* main.cpp in Sources */,
			);
			runOnlyForDeploymentPostprocessing = 0;
		};
/* End PBXSourcesBuildPhase section */

/* Begin XCBuildConfiguration section */
		162566981C061063004AD24D /* Debug */ = {
			isa = XCBuildConfiguration;
			buildSettings = {
				ALWAYS_SEARCH_USER_PATHS = NO;
				CLANG_CXX_LANGUAGE_STANDARD = "gnu++0x";
				CLANG_CXX_LIBRARY = "libc++";
				CLANG_ENABLE_MODULES = YES;
				CLANG_ENABLE_OBJC_ARC = YES;
				CLANG_WARN_BOOL_CONVERSION = YES;
				CLANG_WARN_CONSTANT_CONVERSION = YES;
				CLANG_WARN_DIRECT_OBJC_ISA_USAGE = YES_ERROR;
				CLANG_WARN_EMPTY_BODY = YES;
				CLANG_WARN_ENUM_CONVERSION = YES;
				CLANG_WARN_INT_CONVERSION = YES;
				CLANG_WARN_OBJC_ROOT_CLASS = YES_ERROR;
				CLANG_WARN_UNREACHABLE_CODE = YES;
				CLANG_WARN__DUPLICATE_METHOD_MATCH = YES;
				CODE_SIGN_IDENTITY = "-";
				COPY_PHASE_STRIP = NO;
				DEBUG_INFORMATION_FORMAT = dwarf;
				ENABLE_STRICT_OBJC_MSGSEND = YES;
				ENABLE_TESTABILITY = YES;
				GCC_C_LANGUAGE_STANDARD = gnu99;
				GCC_DYNAMIC_NO_PIC = NO;
				GCC_NO_COMMON_BLOCKS = YES;
				GCC_OPTIMIZATION_LEVEL = 0;
				GCC_PREPROCESSOR_DEFINITIONS = (
					"DEBUG=1",
					"$(inherited)",
				);
				GCC_WARN_64_TO_32_BIT_CONVERSION = YES;
				GCC_WARN_ABOUT_RETURN_TYPE = YES_ERROR;
				GCC_WARN_UNDECLARED_SELECTOR = YES;
				GCC_WARN_UNINITIALIZED_AUTOS = YES_AGGRESSIVE;
				GCC_WARN_UNUSED_FUNCTION = YES;
				GCC_WARN_UNUSED_VARIABLE = YES;
				MACOSX_DEPLOYMENT_TARGET = 10.11;
				MTL_ENABLE_DEBUG_INFO = YES;
				ONLY_ACTIVE_ARCH = YES;
				SDKROOT = macosx;
			};
			name = Debug;
		};
		162566991C061063004AD24D /* Release */ = {
			isa = XCBuildConfiguration;
			buildSettings = {
				ALWAYS_SEARCH_USER_PATHS = NO;
				CLANG_CXX_LANGUAGE_STANDARD = "gnu++0x";
				CLANG_CXX_LIBRARY = "libc++";
				CLANG_ENABLE_MODULES = YES;
				CLANG_ENABLE_OBJC_ARC = YES;
				CLANG_WARN_BOOL_CONVERSION = YES;
				CLANG_WARN_CONSTANT_CONVERSION = YES;
				CLANG_WARN_DIRECT_OBJC_ISA_USAGE = YES_ERROR;
				CLANG_WARN_EMPTY_BODY = YES;
				CLANG_WARN_ENUM_CONVERSION = YES;
				CLANG_WARN_INT_CONVERSION = YES;
				CLANG_WARN_OBJC_ROOT_CLASS = YES_ERROR;
				CLANG_WARN_UNREACHABLE_CODE = YES;
				CLANG_WARN__DUPLICATE_METHOD_MATCH = YES;
				CODE_SIGN_IDENTITY = "-";
				COPY_PHASE_STRIP = NO;
				DEBUG_INFORMATION_FORMAT = "dwarf-with-dsym";
				ENABLE_NS_ASSERTIONS = NO;
				ENABLE_STRICT_OBJC_MSGSEND = YES;
				GCC_C_LANGUAGE_STANDARD = gnu99;
				GCC_NO_COMMON_BLOCKS = YES;
				GCC_WARN_64_TO_32_BIT_CONVERSION = YES;
				GCC_WARN_ABOUT_RETURN_TYPE = YES_ERROR;
				GCC_WARN_UNDECLARED_SELECTOR = YES;
				GCC_WARN_UNINITIALIZED_AUTOS = YES_AGGRESSIVE;
				GCC_WARN_UNUSED_FUNCTION = YES;
				GCC_WARN_UNUSED_VARIABLE = YES;
				MACOSX_DEPLOYMENT_TARGET = 10.11;
				MTL_ENABLE_DEBUG_INFO = NO;
				SDKROOT = macosx;
			};
			name = Release;
		};
		1625669B1C061063004AD24D /* Debug */ = {
			isa = XCBuildConfiguration;
			buildSettings = {
				PRODUCT_NAME = "$(TARGET_NAME)";
			};
			name = Debug;
		};
		1625669C1C061063004AD24D /* Release */ = {
			isa = XCBuildConfiguration;
			buildSettings = {
				PRODUCT_NAME = "$(TARGET_NAME)";
			};
			name = Release;
		};
/* End XCBuildConfiguration section */

/* Begin XCConfigurationList section */
		1625668E1C061063004AD24D /* Build configuration list for PBXProject "db-parser" */ = {
			isa = XCConfigurationList;
			buildConfigurations = (
				162566981C061063004AD24D /* Debug */,
				162566991C061063004AD24D /* Release */,
			);
			defaultConfigurationIsVisible = 0;
			defaultConfigurationName = Release;
		};
		1625669A1C061063004AD24D /* Build configuration list for PBXNativeTarget "db-parser" */ = {
			isa = XCConfigurationList;
			buildConfigurations = (
				1625669B1C061063004AD24D /* Debug */,
				1625669C1C061063004AD24D /* Release */,
			);
			defaultConfigurationIsVisible = 0;
			defaultConfigurationName = Release;
		};
/* End XCConfigurationList section */
	};
	rootObject = 1625668B1C061063004AD24D /* Project object */;
}
